
Microsoft Visual Studio Solution File, Format Version 12.00
# Visual Studio 15
Project("{FAE04EC0-301F-11D3-BF4B-00C04F79EFBC}") = "Assembly-CSharp", "Assembly-CSharp.csproj", "{8C715DE0-47F4-23B4-6C07-5947CE7CC40C}"
EndProject
Project("{FAE04EC0-301F-11D3-BF4B-00C04F79EFBC}") = "Assembly-CSharp-Editor", "Assembly-CSharp-Editor.csproj", "{304E78BB-EE80-2F3A-5DCC-78191C431E93}"
EndProject
Global
	GlobalSection(SolutionConfigurationPlatforms) = preSolution
		Debug|Any CPU = Debug|Any CPU
		Release|Any CPU = Release|Any CPU
	EndGlobalSection
	GlobalSection(ProjectConfigurationPlatforms) = postSolution
		{8C715DE0-47F4-23B4-6C07-5947CE7CC40C}.Debug|Any CPU.ActiveCfg = Debug|Any CPU
		{8C715DE0-47F4-23B4-6C07-5947CE7CC40C}.Debug|Any CPU.Build.0 = Debug|Any CPU
		{8C715DE0-47F4-23B4-6C07-5947CE7CC40C}.Release|Any CPU.ActiveCfg = Release|Any CPU
		{8C715DE0-47F4-23B4-6C07-5947CE7CC40C}.Release|Any CPU.Build.0 = Release|Any CPU
		{304E78BB-EE80-2F3A-5DCC-78191C431E93}.Debug|Any CPU.ActiveCfg = Debug|Any CPU
		{304E78BB-EE80-2F3A-5DCC-78191C431E93}.Debug|Any CPU.Build.0 = Debug|Any CPU
		{304E78BB-EE80-2F3A-5DCC-78191C431E93}.Release|Any CPU.ActiveCfg = Release|Any CPU
		{304E78BB-EE80-2F3A-5DCC-78191C431E93}.Release|Any CPU.Build.0 = Release|Any CPU
	EndGlobalSection
	GlobalSection(SolutionProperties) = preSolution
		HideSolutionNode = FALSE
	EndGlobalSection
EndGlobal
